
Microsoft Visual Studio Solution File, Format Version 9.00
# Visual C++ Express 2005
Project("{8BC9CEB8-8B4A-11D0-8D11-00A0C91BC942}") = "SpeedKernel", "..\SpeedKernel\SpeedKernel.vcproj", "{74A78E5A-6FD9-4886-9830-5B7C45C7CD5C}"
EndProject
Project("{8BC9CEB8-8B4A-11D0-8D11-00A0C91BC942}") = "SpeedSim", "SpeedSim.vcproj", "{221756C4-F431-4665-AAE5-116336A7BDAE}"
	ProjectSection(ProjectDependencies) = postProject
		{74A78E5A-6FD9-4886-9830-5B7C45C7CD5C} = {74A78E5A-6FD9-4886-9830-5B7C45C7CD5C}
	EndProjectSection
EndProject
Global
	GlobalSection(SolutionConfigurationPlatforms) = preSolution
		Debug Unicode|Win32 = Debug Unicode|Win32
		Debug|Win32 = Debug|Win32
		Release Unicode|Win32 = Release Unicode|Win32
		Release|Win32 = Release|Win32
	EndGlobalSection
	GlobalSection(ProjectConfigurationPlatforms) = postSolution
		{74A78E5A-6FD9-4886-9830-5B7C45C7CD5C}.Debug Unicode|Win32.ActiveCfg = Debug Unicode|Win32
		{74A78E5A-6FD9-4886-9830-5B7C45C7CD5C}.Debug Unicode|Win32.Build.0 = Debug Unicode|Win32
		{74A78E5A-6FD9-4886-9830-5B7C45C7CD5C}.Debug|Win32.ActiveCfg = Debug|Win32
		{74A78E5A-6FD9-4886-9830-5B7C45C7CD5C}.Debug|Win32.Build.0 = Debug|Win32
		{74A78E5A-6FD9-4886-9830-5B7C45C7CD5C}.Release Unicode|Win32.ActiveCfg = Release Unicode|Win32
		{74A78E5A-6FD9-4886-9830-5B7C45C7CD5C}.Release Unicode|Win32.Build.0 = Release Unicode|Win32
		{74A78E5A-6FD9-4886-9830-5B7C45C7CD5C}.Release|Win32.ActiveCfg = Release|Win32
		{74A78E5A-6FD9-4886-9830-5B7C45C7CD5C}.Release|Win32.Build.0 = Release|Win32
		{221756C4-F431-4665-AAE5-116336A7BDAE}.Debug Unicode|Win32.ActiveCfg = Debug Unicode|Win32
		{221756C4-F431-4665-AAE5-116336A7BDAE}.Debug Unicode|Win32.Build.0 = Debug Unicode|Win32
		{221756C4-F431-4665-AAE5-116336A7BDAE}.Debug|Win32.ActiveCfg = Debug|Win32
		{221756C4-F431-4665-AAE5-116336A7BDAE}.Debug|Win32.Build.0 = Debug|Win32
		{221756C4-F431-4665-AAE5-116336A7BDAE}.Release Unicode|Win32.ActiveCfg = Release Unicode|Win32
		{221756C4-F431-4665-AAE5-116336A7BDAE}.Release Unicode|Win32.Build.0 = Release Unicode|Win32
		{221756C4-F431-4665-AAE5-116336A7BDAE}.Release|Win32.ActiveCfg = Release|Win32
		{221756C4-F431-4665-AAE5-116336A7BDAE}.Release|Win32.Build.0 = Release|Win32
	EndGlobalSection
	GlobalSection(SolutionProperties) = preSolution
		HideSolutionNode = FALSE
	EndGlobalSection
EndGlobal
